# This file is automatically @generated by Cargo.
# It is not intended for manual editing.
version = 3

[[package]]
name = "bloom-filter"
version = "0.1.0"
dependencies = [
 "murmur3",
]

[[package]]
name = "murmur3"
version = "0.5.2"
source = "registry+https://github.com/rust-lang/crates.io-index"
checksum = "9252111cf132ba0929b6f8e030cac2a24b507f3a4d6db6fb2896f27b354c714b"
